// !$*UTF8*$!
{
	archiveVersion = 1;
	classes = {
	};
	objectVersion = 48;
	objects = {

/* Begin PBXBuildFile section */
		EA03E21F2031FCEA00D5D9D9 /* Ions in Resources */ = {isa = PBXBuildFile; fileRef = EA03E21E2031FCE900D5D9D9 /* Ions */; };
		EA050A2C2047F28200AC848B /* SuperViewController.swift in Sources */ = {isa = PBXBuildFile; fileRef = EA050A2B2047F28200AC848B /* SuperViewController.swift */; };
		EA050A2E2047F5F700AC848B /* SuperTableViewController.swift in Sources */ = {isa = PBXBuildFile; fileRef = EA050A2D2047F5F600AC848B /* SuperTableViewController.swift */; };
		EA050A312047F7FC00AC848B /* ThemeTableViewController.swift in Sources */ = {isa = PBXBuildFile; fileRef = EA050A302047F7FC00AC848B /* ThemeTableViewController.swift */; };
		EA050A332047FC3E00AC848B /* DarkTheme.swift in Sources */ = {isa = PBXBuildFile; fileRef = EA050A322047FC3E00AC848B /* DarkTheme.swift */; };
		EA050A362048281A00AC848B /* DetailViewController.swift in Sources */ = {isa = PBXBuildFile; fileRef = EA050A352048281A00AC848B /* DetailViewController.swift */; };
		EA051A682031555F00439238 /* ProcessViewController.swift in Sources */ = {isa = PBXBuildFile; fileRef = EA051A672031555F00439238 /* ProcessViewController.swift */; };
		EA051A6B2031564100439238 /* ProgressView.swift in Sources */ = {isa = PBXBuildFile; fileRef = EA051A6A2031564100439238 /* ProgressView.swift */; };
		EA051A6D2031578000439238 /* ProcessScreen.storyboard in Resources */ = {isa = PBXBuildFile; fileRef = EA051A6C2031578000439238 /* ProcessScreen.storyboard */; };
		EA2D65062040498F00C02F8A /* MainViewController.swift in Sources */ = {isa = PBXBuildFile; fileRef = EA2D65052040498F00C02F8A /* MainViewController.swift */; };
		EA2D650C2040502E00C02F8A /* ItemTableViewController.swift in Sources */ = {isa = PBXBuildFile; fileRef = EA2D650B2040502E00C02F8A /* ItemTableViewController.swift */; };
		EA2D650E204050A500C02F8A /* ItemTableVIewData.swift in Sources */ = {isa = PBXBuildFile; fileRef = EA2D650D204050A500C02F8A /* ItemTableVIewData.swift */; };
		EA2D65122041051900C02F8A /* TagTableViewController.swift in Sources */ = {isa = PBXBuildFile; fileRef = EA2D65112041051900C02F8A /* TagTableViewController.swift */; };
		EA2D6517204113C700C02F8A /* AddViewController.swift in Sources */ = {isa = PBXBuildFile; fileRef = EA2D6516204113C700C02F8A /* AddViewController.swift */; };
		EA2D651B20412DC900C02F8A /* SettingTableViewController.swift in Sources */ = {isa = PBXBuildFile; fileRef = EA2D651A20412DC900C02F8A /* SettingTableViewController.swift */; };
		EA2D652320418EA000C02F8A /* Common.swift in Sources */ = {isa = PBXBuildFile; fileRef = EA2D652220418EA000C02F8A /* Common.swift */; };
		EA2D652620418FCF00C02F8A /* Launch.xib in Resources */ = {isa = PBXBuildFile; fileRef = EA2D652520418FCF00C02F8A /* Launch.xib */; };
		EA2D65292041AAB400C02F8A /* SettingDataTableViewController.swift in Sources */ = {isa = PBXBuildFile; fileRef = EA2D65272041AAB400C02F8A /* SettingDataTableViewController.swift */; };
		EA44AA4D2042FCFF00BCC7D6 /* ChartViewController.swift in Sources */ = {isa = PBXBuildFile; fileRef = EA44AA4C2042FCFF00BCC7D6 /* ChartViewController.swift */; };
		EA44AAC620444EC400BCC7D6 /* NewItemViewController.swift in Sources */ = {isa = PBXBuildFile; fileRef = EA44AAC520444EC400BCC7D6 /* NewItemViewController.swift */; };
		EA7EFAC020221A50003ADDA5 /* AppDelegate.swift in Sources */ = {isa = PBXBuildFile; fileRef = EA7EFABF20221A50003ADDA5 /* AppDelegate.swift */; };
		EA7EFAC720221A50003ADDA5 /* Main.storyboard in Resources */ = {isa = PBXBuildFile; fileRef = EA7EFAC520221A50003ADDA5 /* Main.storyboard */; };
		EA95CA262031AC36001BAE6A /* CoreDataHandler.swift in Sources */ = {isa = PBXBuildFile; fileRef = EA95CA252031AC36001BAE6A /* CoreDataHandler.swift */; };
		EAA6797E202F66490002F2F5 /* Assets.xcassets in Resources */ = {isa = PBXBuildFile; fileRef = EAA6797D202F66490002F2F5 /* Assets.xcassets */; };
		EAC5A5FB202C99660062AB29 /* FirstLaunchScreen.storyboard in Resources */ = {isa = PBXBuildFile; fileRef = EAC5A5FA202C99660062AB29 /* FirstLaunchScreen.storyboard */; };
		EACDB5F02024760E00A2C6A8 /* UIResponder-Notice.swift in Sources */ = {isa = PBXBuildFile; fileRef = EACDB5EF2024760E00A2C6A8 /* UIResponder-Notice.swift */; };
		EACDB5F220249CBB00A2C6A8 /* UIResponder-AlertActionSwift.swift in Sources */ = {isa = PBXBuildFile; fileRef = EACDB5F120249CBB00A2C6A8 /* UIResponder-AlertActionSwift.swift */; };
		EACDB5F42025E67400A2C6A8 /* KeyBoard.swift in Sources */ = {isa = PBXBuildFile; fileRef = EACDB5F32025E67400A2C6A8 /* KeyBoard.swift */; };
		EADF569A20327DA4001E2226 /* UINavigationBar-HideLine.swift in Sources */ = {isa = PBXBuildFile; fileRef = EADF569920327DA3001E2226 /* UINavigationBar-HideLine.swift */; };
		EADF8BC4203073D500BFCDF0 /* UIViewController-MainViewController.swift in Sources */ = {isa = PBXBuildFile; fileRef = EADF8BC3203073D500BFCDF0 /* UIViewController-MainViewController.swift */; };
		EAEEB051202C595100F28C99 /* Go_Study.xcdatamodeld in Sources */ = {isa = PBXBuildFile; fileRef = EAEEB04F202C595100F28C99 /* Go_Study.xcdatamodeld */; };
		EAEEB056202C6D5900F28C99 /* Settings.bundle in Resources */ = {isa = PBXBuildFile; fileRef = EAEEB055202C6D5900F28C99 /* Settings.bundle */; };
		EAEEB079202C8AAB00F28C99 /* SettingBundleHelper.swift in Sources */ = {isa = PBXBuildFile; fileRef = EAEEB078202C8AAB00F28C99 /* SettingBundleHelper.swift */; };
		EAF0962D2047A7AD002DF003 /* UIColor-RGB.swift in Sources */ = {isa = PBXBuildFile; fileRef = EAF0962C2047A7AD002DF003 /* UIColor-RGB.swift */; };
		EAF096302047A91D002DF003 /* ThemeProtocol.swift in Sources */ = {isa = PBXBuildFile; fileRef = EAF0962F2047A91D002DF003 /* ThemeProtocol.swift */; };
		EAF096332047AD13002DF003 /* DefaultTheme.swift in Sources */ = {isa = PBXBuildFile; fileRef = EAF096322047AD13002DF003 /* DefaultTheme.swift */; };
		EAF096352047AFA1002DF003 /* ThemeManager.swift in Sources */ = {isa = PBXBuildFile; fileRef = EAF096342047AFA1002DF003 /* ThemeManager.swift */; };
		EAF096372047CCDA002DF003 /* UIViewController-Theme.swift in Sources */ = {isa = PBXBuildFile; fileRef = EAF096362047CCDA002DF003 /* UIViewController-Theme.swift */; };
		EAFBE9D82048424300E1E81C /* Charts.framework in Frameworks */ = {isa = PBXBuildFile; fileRef = EAFBE9D52048423F00E1E81C /* Charts.framework */; };
		EAFBE9D92048424300E1E81C /* Charts.framework in Embed Frameworks */ = {isa = PBXBuildFile; fileRef = EAFBE9D52048423F00E1E81C /* Charts.framework */; settings = {ATTRIBUTES = (CodeSignOnCopy, RemoveHeadersOnCopy, ); }; };
		EAFBE9DD2048FFAD00E1E81C /* ThemeManagerProtocol.swift in Sources */ = {isa = PBXBuildFile; fileRef = EAFBE9DC2048FFAD00E1E81C /* ThemeManagerProtocol.swift */; };
/* End PBXBuildFile section */

/* Begin PBXContainerItemProxy section */
		EAFBE9D42048423F00E1E81C /* PBXContainerItemProxy */ = {
			isa = PBXContainerItemProxy;
			containerPortal = EAFBE9CF2048423D00E1E81C /* Charts.xcodeproj */;
			proxyType = 2;
			remoteGlobalIDString = 65AD9E95D9ED4DC0BD73A743;
			remoteInfo = Charts;
		};
		EAFBE9D62048423F00E1E81C /* PBXContainerItemProxy */ = {
			isa = PBXContainerItemProxy;
			containerPortal = EAFBE9CF2048423D00E1E81C /* Charts.xcodeproj */;
			proxyType = 2;
			remoteGlobalIDString = 1CBBC58C6CE1EBEE9852CE41;
			remoteInfo = ChartsTests;
		};
		EAFBE9DA2048424300E1E81C /* PBXContainerItemProxy */ = {
			isa = PBXContainerItemProxy;
			containerPortal = EAFBE9CF2048423D00E1E81C /* Charts.xcodeproj */;
			proxyType = 1;
			remoteGlobalIDString = A58A4ED274A941CA248EA921;
			remoteInfo = Charts;
		};
/* End PBXContainerItemProxy section */

/* Begin PBXCopyFilesBuildPhase section */
		EA051A63203143AD00439238 /* Embed Watch Content */ = {
			isa = PBXCopyFilesBuildPhase;
			buildActionMask = 2147483647;
			dstPath = "$(CONTENTS_FOLDER_PATH)/Watch";
			dstSubfolderSpec = 16;
			files = (
			);
			name = "Embed Watch Content";
			runOnlyForDeploymentPostprocessing = 0;
		};
		EA44AA642043D2BC00BCC7D6 /* Embed Frameworks */ = {
			isa = PBXCopyFilesBuildPhase;
			buildActionMask = 2147483647;
			dstPath = "";
			dstSubfolderSpec = 10;
			files = (
				EAFBE9D92048424300E1E81C /* Charts.framework in Embed Frameworks */,
			);
			name = "Embed Frameworks";
			runOnlyForDeploymentPostprocessing = 0;
		};
/* End PBXCopyFilesBuildPhase section */

/* Begin PBXFileReference section */
		EA03E21E2031FCE900D5D9D9 /* Ions */ = {isa = PBXFileReference; lastKnownFileType = folder; path = Ions; sourceTree = "<group>"; };
		EA050A2B2047F28200AC848B /* SuperViewController.swift */ = {isa = PBXFileReference; lastKnownFileType = sourcecode.swift; path = SuperViewController.swift; sourceTree = "<group>"; };
		EA050A2D2047F5F600AC848B /* SuperTableViewController.swift */ = {isa = PBXFileReference; lastKnownFileType = sourcecode.swift; path = SuperTableViewController.swift; sourceTree = "<group>"; };
		EA050A302047F7FC00AC848B /* ThemeTableViewController.swift */ = {isa = PBXFileReference; lastKnownFileType = sourcecode.swift; path = ThemeTableViewController.swift; sourceTree = "<group>"; };
		EA050A322047FC3E00AC848B /* DarkTheme.swift */ = {isa = PBXFileReference; lastKnownFileType = sourcecode.swift; path = DarkTheme.swift; sourceTree = "<group>"; };
		EA050A352048281A00AC848B /* DetailViewController.swift */ = {isa = PBXFileReference; lastKnownFileType = sourcecode.swift; path = DetailViewController.swift; sourceTree = "<group>"; };
		EA051A672031555F00439238 /* ProcessViewController.swift */ = {isa = PBXFileReference; lastKnownFileType = sourcecode.swift; path = ProcessViewController.swift; sourceTree = "<group>"; };
		EA051A6A2031564100439238 /* ProgressView.swift */ = {isa = PBXFileReference; lastKnownFileType = sourcecode.swift; path = ProgressView.swift; sourceTree = "<group>"; };
		EA051A6C2031578000439238 /* ProcessScreen.storyboard */ = {isa = PBXFileReference; lastKnownFileType = file.storyboard; path = ProcessScreen.storyboard; sourceTree = "<group>"; };
		EA2D65052040498F00C02F8A /* MainViewController.swift */ = {isa = PBXFileReference; lastKnownFileType = sourcecode.swift; path = MainViewController.swift; sourceTree = "<group>"; };
		EA2D650B2040502E00C02F8A /* ItemTableViewController.swift */ = {isa = PBXFileReference; lastKnownFileType = sourcecode.swift; path = ItemTableViewController.swift; sourceTree = "<group>"; };
		EA2D650D204050A500C02F8A /* ItemTableVIewData.swift */ = {isa = PBXFileReference; lastKnownFileType = sourcecode.swift; path = ItemTableVIewData.swift; sourceTree = "<group>"; };
		EA2D65112041051900C02F8A /* TagTableViewController.swift */ = {isa = PBXFileReference; lastKnownFileType = sourcecode.swift; path = TagTableViewController.swift; sourceTree = "<group>"; };
		EA2D6516204113C700C02F8A /* AddViewController.swift */ = {isa = PBXFileReference; lastKnownFileType = sourcecode.swift; path = AddViewController.swift; sourceTree = "<group>"; };
		EA2D651A20412DC900C02F8A /* SettingTableViewController.swift */ = {isa = PBXFileReference; lastKnownFileType = sourcecode.swift; path = SettingTableViewController.swift; sourceTree = "<group>"; };
		EA2D652220418EA000C02F8A /* Common.swift */ = {isa = PBXFileReference; lastKnownFileType = sourcecode.swift; path = Common.swift; sourceTree = "<group>"; };
		EA2D652520418FCF00C02F8A /* Launch.xib */ = {isa = PBXFileReference; lastKnownFileType = file.xib; path = Launch.xib; sourceTree = "<group>"; };
		EA2D65272041AAB400C02F8A /* SettingDataTableViewController.swift */ = {isa = PBXFileReference; lastKnownFileType = sourcecode.swift; path = SettingDataTableViewController.swift; sourceTree = "<group>"; };
		EA44AA4C2042FCFF00BCC7D6 /* ChartViewController.swift */ = {isa = PBXFileReference; lastKnownFileType = sourcecode.swift; path = ChartViewController.swift; sourceTree = "<group>"; };
		EA44AAC520444EC400BCC7D6 /* NewItemViewController.swift */ = {isa = PBXFileReference; lastKnownFileType = sourcecode.swift; path = NewItemViewController.swift; sourceTree = "<group>"; };
		EA7EFABC20221A50003ADDA5 /* Go Study.app */ = {isa = PBXFileReference; explicitFileType = wrapper.application; includeInIndex = 0; path = "Go Study.app"; sourceTree = BUILT_PRODUCTS_DIR; };
		EA7EFABF20221A50003ADDA5 /* AppDelegate.swift */ = {isa = PBXFileReference; lastKnownFileType = sourcecode.swift; path = AppDelegate.swift; sourceTree = "<group>"; };
		EA7EFAC620221A50003ADDA5 /* Base */ = {isa = PBXFileReference; lastKnownFileType = file.storyboard; name = Base; path = Base.lproj/Main.storyboard; sourceTree = "<group>"; };
		EA7EFACD20221A50003ADDA5 /* Info.plist */ = {isa = PBXFileReference; lastKnownFileType = text.plist.xml; path = Info.plist; sourceTree = "<group>"; };
		EA95CA112031879D001BAE6A /* zh-Hans */ = {isa = PBXFileReference; lastKnownFileType = text.plist.strings; name = "zh-Hans"; path = "zh-Hans.lproj/Main.strings"; sourceTree = "<group>"; };
		EA95CA2020318FFE001BAE6A /* en */ = {isa = PBXFileReference; lastKnownFileType = text.plist.strings; name = en; path = en.lproj/Main.strings; sourceTree = "<group>"; };
		EA95CA252031AC36001BAE6A /* CoreDataHandler.swift */ = {isa = PBXFileReference; lastKnownFileType = sourcecode.swift; path = CoreDataHandler.swift; sourceTree = "<group>"; };
		EAA6797D202F66490002F2F5 /* Assets.xcassets */ = {isa = PBXFileReference; lastKnownFileType = folder.assetcatalog; path = Assets.xcassets; sourceTree = "<group>"; };
		EAC5A5FA202C99660062AB29 /* FirstLaunchScreen.storyboard */ = {isa = PBXFileReference; lastKnownFileType = file.storyboard; path = FirstLaunchScreen.storyboard; sourceTree = "<group>"; };
		EACDB5EF2024760E00A2C6A8 /* UIResponder-Notice.swift */ = {isa = PBXFileReference; lastKnownFileType = sourcecode.swift; path = "UIResponder-Notice.swift"; sourceTree = "<group>"; };
		EACDB5F120249CBB00A2C6A8 /* UIResponder-AlertActionSwift.swift */ = {isa = PBXFileReference; lastKnownFileType = sourcecode.swift; path = "UIResponder-AlertActionSwift.swift"; sourceTree = "<group>"; };
		EACDB5F32025E67400A2C6A8 /* KeyBoard.swift */ = {isa = PBXFileReference; lastKnownFileType = sourcecode.swift; path = KeyBoard.swift; sourceTree = "<group>"; };
		EACE767220222B5C0009154C /* Go Study.entitlements */ = {isa = PBXFileReference; lastKnownFileType = text.plist.entitlements; path = "Go Study.entitlements"; sourceTree = "<group>"; };
		EADF569920327DA3001E2226 /* UINavigationBar-HideLine.swift */ = {isa = PBXFileReference; lastKnownFileType = sourcecode.swift; path = "UINavigationBar-HideLine.swift"; sourceTree = "<group>"; };
		EADF8BC3203073D500BFCDF0 /* UIViewController-MainViewController.swift */ = {isa = PBXFileReference; lastKnownFileType = sourcecode.swift; path = "UIViewController-MainViewController.swift"; sourceTree = "<group>"; };
		EAEEB050202C595100F28C99 /* StydyData.xcdatamodel */ = {isa = PBXFileReference; lastKnownFileType = wrapper.xcdatamodel; path = StydyData.xcdatamodel; sourceTree = "<group>"; };
		EAEEB055202C6D5900F28C99 /* Settings.bundle */ = {isa = PBXFileReference; lastKnownFileType = "wrapper.plug-in"; path = Settings.bundle; sourceTree = "<group>"; };
		EAEEB078202C8AAB00F28C99 /* SettingBundleHelper.swift */ = {isa = PBXFileReference; lastKnownFileType = sourcecode.swift; path = SettingBundleHelper.swift; sourceTree = "<group>"; };
		EAF0962C2047A7AD002DF003 /* UIColor-RGB.swift */ = {isa = PBXFileReference; lastKnownFileType = sourcecode.swift; path = "UIColor-RGB.swift"; sourceTree = "<group>"; };
		EAF0962F2047A91D002DF003 /* ThemeProtocol.swift */ = {isa = PBXFileReference; lastKnownFileType = sourcecode.swift; path = ThemeProtocol.swift; sourceTree = "<group>"; };
		EAF096322047AD13002DF003 /* DefaultTheme.swift */ = {isa = PBXFileReference; lastKnownFileType = sourcecode.swift; path = DefaultTheme.swift; sourceTree = "<group>"; };
		EAF096342047AFA1002DF003 /* ThemeManager.swift */ = {isa = PBXFileReference; lastKnownFileType = sourcecode.swift; path = ThemeManager.swift; sourceTree = "<group>"; };
		EAF096362047CCDA002DF003 /* UIViewController-Theme.swift */ = {isa = PBXFileReference; lastKnownFileType = sourcecode.swift; path = "UIViewController-Theme.swift"; sourceTree = "<group>"; };
		EAFBE9CF2048423D00E1E81C /* Charts.xcodeproj */ = {isa = PBXFileReference; lastKnownFileType = "wrapper.pb-project"; name = Charts.xcodeproj; path = Pods/Charts/Charts.xcodeproj; sourceTree = "<group>"; };
		EAFBE9DC2048FFAD00E1E81C /* ThemeManagerProtocol.swift */ = {isa = PBXFileReference; lastKnownFileType = sourcecode.swift; path = ThemeManagerProtocol.swift; sourceTree = "<group>"; };
/* End PBXFileReference section */

/* Begin PBXFrameworksBuildPhase section */
		EA7EFAB920221A50003ADDA5 /* Frameworks */ = {
			isa = PBXFrameworksBuildPhase;
			buildActionMask = 2147483647;
			files = (
				EAFBE9D82048424300E1E81C /* Charts.framework in Frameworks */,
			);
			runOnlyForDeploymentPostprocessing = 0;
		};
/* End PBXFrameworksBuildPhase section */

/* Begin PBXGroup section */
		EA050A2F2047F77300AC848B /* Theme */ = {
			isa = PBXGroup;
			children = (
				EA050A302047F7FC00AC848B /* ThemeTableViewController.swift */,
			);
			path = Theme;
			sourceTree = "<group>";
		};
		EA050A34204827F200AC848B /* Detail */ = {
			isa = PBXGroup;
			children = (
				EA050A352048281A00AC848B /* DetailViewController.swift */,
			);
			path = Detail;
			sourceTree = "<group>";
		};
		EA051A662031543100439238 /* Extension */ = {
			isa = PBXGroup;
			children = (
				EADF8BC3203073D500BFCDF0 /* UIViewController-MainViewController.swift */,
				EACDB5F120249CBB00A2C6A8 /* UIResponder-AlertActionSwift.swift */,
				EACDB5EF2024760E00A2C6A8 /* UIResponder-Notice.swift */,
				EADF569920327DA3001E2226 /* UINavigationBar-HideLine.swift */,
				EAF0962C2047A7AD002DF003 /* UIColor-RGB.swift */,
				EAF096362047CCDA002DF003 /* UIViewController-Theme.swift */,
			);
			path = Extension;
			sourceTree = "<group>";
		};
		EA2D65042040496400C02F8A /* Main */ = {
			isa = PBXGroup;
			children = (
				EA2D65052040498F00C02F8A /* MainViewController.swift */,
			);
			path = Main;
			sourceTree = "<group>";
		};
		EA2D650720404BE000C02F8A /* Item */ = {
			isa = PBXGroup;
			children = (
				EA2D650B2040502E00C02F8A /* ItemTableViewController.swift */,
				EA2D650D204050A500C02F8A /* ItemTableVIewData.swift */,
			);
			path = Item;
			sourceTree = "<group>";
		};
		EA2D650F204104FA00C02F8A /* Tag removed */ = {
			isa = PBXGroup;
			children = (
				EA2D65112041051900C02F8A /* TagTableViewController.swift */,
			);
			path = "Tag removed";
			sourceTree = "<group>";
		};
		EA2D65132041139400C02F8A /* Add */ = {
			isa = PBXGroup;
			children = (
				EA2D6516204113C700C02F8A /* AddViewController.swift */,
			);
			path = Add;
			sourceTree = "<group>";
		};
		EA44AA4820425B7500BCC7D6 /* Chart */ = {
			isa = PBXGroup;
			children = (
				EA44AA4C2042FCFF00BCC7D6 /* ChartViewController.swift */,
			);
			path = Chart;
			sourceTree = "<group>";
		};
		EA44AAC420444DF600BCC7D6 /* NewItem */ = {
			isa = PBXGroup;
			children = (
				EA44AAC520444EC400BCC7D6 /* NewItemViewController.swift */,
			);
			path = NewItem;
			sourceTree = "<group>";
		};
		EA6F1D352028A68A0038E829 /* Controller */ = {
			isa = PBXGroup;
			children = (
				EA050A2B2047F28200AC848B /* SuperViewController.swift */,
				EA050A2D2047F5F600AC848B /* SuperTableViewController.swift */,
				EA050A2F2047F77300AC848B /* Theme */,
				EA44AAC420444DF600BCC7D6 /* NewItem */,
				EA44AA4820425B7500BCC7D6 /* Chart */,
				EA2D65132041139400C02F8A /* Add */,
				EA2D650F204104FA00C02F8A /* Tag removed */,
				EA2D650720404BE000C02F8A /* Item */,
				EA050A34204827F200AC848B /* Detail */,
				EA2D65042040496400C02F8A /* Main */,
				EA93F405203F416600FA8B29 /* Process */,
				EA93F406203F417B00FA8B29 /* SettingCell */,
				EADF8BBA2030730B00BFCDF0 /* Setting */,
			);
			path = Controller;
			sourceTree = "<group>";
		};
		EA6F1D372028A6B80038E829 /* Common */ = {
			isa = PBXGroup;
			children = (
				EACDB5F32025E67400A2C6A8 /* KeyBoard.swift */,
				EAEEB078202C8AAB00F28C99 /* SettingBundleHelper.swift */,
				EA051A6A2031564100439238 /* ProgressView.swift */,
				EA2D652220418EA000C02F8A /* Common.swift */,
			);
			path = Common;
			sourceTree = "<group>";
		};
		EA6F1D39202964BC0038E829 /* View */ = {
			isa = PBXGroup;
			children = (
				EA7EFAC520221A50003ADDA5 /* Main.storyboard */,
				EAC5A5FA202C99660062AB29 /* FirstLaunchScreen.storyboard */,
				EA051A6C2031578000439238 /* ProcessScreen.storyboard */,
				EA2D652520418FCF00C02F8A /* Launch.xib */,
			);
			path = View;
			sourceTree = "<group>";
		};
		EA6F1D3A202971070038E829 /* Model */ = {
			isa = PBXGroup;
			children = (
				EAEEB04F202C595100F28C99 /* Go_Study.xcdatamodeld */,
				EA95CA252031AC36001BAE6A /* CoreDataHandler.swift */,
			);
			name = Model;
			path = Models;
			sourceTree = "<group>";
		};
		EA7EFAB320221A50003ADDA5 = {
			isa = PBXGroup;
			children = (
				EAFBE9CF2048423D00E1E81C /* Charts.xcodeproj */,
				EA7EFABE20221A50003ADDA5 /* Go Study */,
				EA7EFABD20221A50003ADDA5 /* Products */,
				EACE767320222B5C0009154C /* Frameworks */,
			);
			sourceTree = "<group>";
		};
		EA7EFABD20221A50003ADDA5 /* Products */ = {
			isa = PBXGroup;
			children = (
				EA7EFABC20221A50003ADDA5 /* Go Study.app */,
			);
			name = Products;
			sourceTree = "<group>";
		};
		EA7EFABE20221A50003ADDA5 /* Go Study */ = {
			isa = PBXGroup;
			children = (
				EAEEB055202C6D5900F28C99 /* Settings.bundle */,
				EACE767220222B5C0009154C /* Go Study.entitlements */,
				EA7EFACD20221A50003ADDA5 /* Info.plist */,
				EA7EFABF20221A50003ADDA5 /* AppDelegate.swift */,
				EAF096312047A92E002DF003 /* Assets */,
				EAF0962E2047A90D002DF003 /* Theme */,
				EA6F1D372028A6B80038E829 /* Common */,
				EA6F1D352028A68A0038E829 /* Controller */,
				EA051A662031543100439238 /* Extension */,
				EA6F1D3A202971070038E829 /* Model */,
				EA6F1D39202964BC0038E829 /* View */,
			);
			path = "Go Study";
			sourceTree = "<group>";
		};
		EA93F405203F416600FA8B29 /* Process */ = {
			isa = PBXGroup;
			children = (
				EA051A672031555F00439238 /* ProcessViewController.swift */,
			);
			path = Process;
			sourceTree = "<group>";
		};
		EA93F406203F417B00FA8B29 /* SettingCell */ = {
			isa = PBXGroup;
			children = (
				EA2D65272041AAB400C02F8A /* SettingDataTableViewController.swift */,
			);
			path = SettingCell;
			sourceTree = "<group>";
		};
		EACE767320222B5C0009154C /* Frameworks */ = {
			isa = PBXGroup;
			children = (
			);
			name = Frameworks;
			sourceTree = "<group>";
		};
		EADF8BBA2030730B00BFCDF0 /* Setting */ = {
			isa = PBXGroup;
			children = (
				EA2D651A20412DC900C02F8A /* SettingTableViewController.swift */,
			);
			path = Setting;
			sourceTree = "<group>";
		};
		EAF0962E2047A90D002DF003 /* Theme */ = {
			isa = PBXGroup;
			children = (
				EAF0962F2047A91D002DF003 /* ThemeProtocol.swift */,
				EAF096322047AD13002DF003 /* DefaultTheme.swift */,
				EA050A322047FC3E00AC848B /* DarkTheme.swift */,
				EAF096342047AFA1002DF003 /* ThemeManager.swift */,
				EAFBE9DC2048FFAD00E1E81C /* ThemeManagerProtocol.swift */,
			);
			path = Theme;
			sourceTree = "<group>";
		};
		EAF096312047A92E002DF003 /* Assets */ = {
			isa = PBXGroup;
			children = (
				EAA6797D202F66490002F2F5 /* Assets.xcassets */,
				EA03E21E2031FCE900D5D9D9 /* Ions */,
			);
			path = Assets;
			sourceTree = "<group>";
		};
		EAFBE9D02048423D00E1E81C /* Products */ = {
			isa = PBXGroup;
			children = (
				EAFBE9D52048423F00E1E81C /* Charts.framework */,
				EAFBE9D72048423F00E1E81C /* ChartsTests.xctest */,
			);
			name = Products;
			sourceTree = "<group>";
		};
/* End PBXGroup section */

/* Begin PBXNativeTarget section */
		EA7EFABB20221A50003ADDA5 /* Go Study */ = {
			isa = PBXNativeTarget;
			buildConfigurationList = EA7EFAD020221A50003ADDA5 /* Build configuration list for PBXNativeTarget "Go Study" */;
			buildPhases = (
				EA7EFAB820221A50003ADDA5 /* Sources */,
				EA7EFAB920221A50003ADDA5 /* Frameworks */,
				EA7EFABA20221A50003ADDA5 /* Resources */,
				EA051A63203143AD00439238 /* Embed Watch Content */,
				EA44AA642043D2BC00BCC7D6 /* Embed Frameworks */,
			);
			buildRules = (
			);
			dependencies = (
				EAFBE9DB2048424300E1E81C /* PBXTargetDependency */,
			);
			name = "Go Study";
			productName = "Go Study";
			productReference = EA7EFABC20221A50003ADDA5 /* Go Study.app */;
			productType = "com.apple.product-type.application";
		};
/* End PBXNativeTarget section */

/* Begin PBXProject section */
		EA7EFAB420221A50003ADDA5 /* Project object */ = {
			isa = PBXProject;
			attributes = {
				LastSwiftUpdateCheck = 0920;
				LastUpgradeCheck = 0930;
				ORGANIZATIONNAME = Himself65;
				TargetAttributes = {
					EA7EFABB20221A50003ADDA5 = {
						CreatedOnToolsVersion = 9.2;
						ProvisioningStyle = Automatic;
						SystemCapabilities = {
							com.apple.DataProtection = {
								enabled = 1;
							};
							com.apple.HealthKit = {
								enabled = 0;
							};
							com.apple.Push = {
								enabled = 1;
							};
						};
					};
				};
			};
			buildConfigurationList = EA7EFAB720221A50003ADDA5 /* Build configuration list for PBXProject "Go Study" */;
			compatibilityVersion = "Xcode 8.0";
			developmentRegion = en;
			hasScannedForEncodings = 0;
			knownRegions = (
				en,
				Base,
				"zh-Hans",
			);
			mainGroup = EA7EFAB320221A50003ADDA5;
			productRefGroup = EA7EFABD20221A50003ADDA5 /* Products */;
			projectDirPath = "";
			projectReferences = (
				{
					ProductGroup = EAFBE9D02048423D00E1E81C /* Products */;
					ProjectRef = EAFBE9CF2048423D00E1E81C /* Charts.xcodeproj */;
				},
			);
			projectRoot = "";
			targets = (
				EA7EFABB20221A50003ADDA5 /* Go Study */,
			);
		};
/* End PBXProject section */

/* Begin PBXReferenceProxy section */
		EAFBE9D52048423F00E1E81C /* Charts.framework */ = {
			isa = PBXReferenceProxy;
			fileType = wrapper.framework;
			path = Charts.framework;
			remoteRef = EAFBE9D42048423F00E1E81C /* PBXContainerItemProxy */;
			sourceTree = BUILT_PRODUCTS_DIR;
		};
		EAFBE9D72048423F00E1E81C /* ChartsTests.xctest */ = {
			isa = PBXReferenceProxy;
			fileType = wrapper.cfbundle;
			path = ChartsTests.xctest;
			remoteRef = EAFBE9D62048423F00E1E81C /* PBXContainerItemProxy */;
			sourceTree = BUILT_PRODUCTS_DIR;
		};
/* End PBXReferenceProxy section */

/* Begin PBXResourcesBuildPhase section */
		EA7EFABA20221A50003ADDA5 /* Resources */ = {
			isa = PBXResourcesBuildPhase;
			buildActionMask = 2147483647;
			files = (
				EAC5A5FB202C99660062AB29 /* FirstLaunchScreen.storyboard in Resources */,
				EA2D652620418FCF00C02F8A /* Launch.xib in Resources */,
				EAEEB056202C6D5900F28C99 /* Settings.bundle in Resources */,
				EAA6797E202F66490002F2F5 /* Assets.xcassets in Resources */,
				EA03E21F2031FCEA00D5D9D9 /* Ions in Resources */,
				EA051A6D2031578000439238 /* ProcessScreen.storyboard in Resources */,
				EA7EFAC720221A50003ADDA5 /* Main.storyboard in Resources */,
			);
			runOnlyForDeploymentPostprocessing = 0;
		};
/* End PBXResourcesBuildPhase section */

/* Begin PBXSourcesBuildPhase section */
		EA7EFAB820221A50003ADDA5 /* Sources */ = {
			isa = PBXSourcesBuildPhase;
			buildActionMask = 2147483647;
			files = (
				EADF569A20327DA4001E2226 /* UINavigationBar-HideLine.swift in Sources */,
				EACDB5F220249CBB00A2C6A8 /* UIResponder-AlertActionSwift.swift in Sources */,
				EA050A312047F7FC00AC848B /* ThemeTableViewController.swift in Sources */,
				EA2D65292041AAB400C02F8A /* SettingDataTableViewController.swift in Sources */,
				EA2D65122041051900C02F8A /* TagTableViewController.swift in Sources */,
				EADF8BC4203073D500BFCDF0 /* UIViewController-MainViewController.swift in Sources */,
				EA95CA262031AC36001BAE6A /* CoreDataHandler.swift in Sources */,
				EA051A6B2031564100439238 /* ProgressView.swift in Sources */,
				EAF096352047AFA1002DF003 /* ThemeManager.swift in Sources */,
				EAF0962D2047A7AD002DF003 /* UIColor-RGB.swift in Sources */,
				EA2D6517204113C700C02F8A /* AddViewController.swift in Sources */,
				EACDB5F42025E67400A2C6A8 /* KeyBoard.swift in Sources */,
				EAF096372047CCDA002DF003 /* UIViewController-Theme.swift in Sources */,
				EA2D65062040498F00C02F8A /* MainViewController.swift in Sources */,
				EA44AAC620444EC400BCC7D6 /* NewItemViewController.swift in Sources */,
				EAF096302047A91D002DF003 /* ThemeProtocol.swift in Sources */,
				EA050A2E2047F5F700AC848B /* SuperTableViewController.swift in Sources */,
				EA2D652320418EA000C02F8A /* Common.swift in Sources */,
				EAEEB051202C595100F28C99 /* Go_Study.xcdatamodeld in Sources */,
				EA050A362048281A00AC848B /* DetailViewController.swift in Sources */,
				EACDB5F02024760E00A2C6A8 /* UIResponder-Notice.swift in Sources */,
				EAFBE9DD2048FFAD00E1E81C /* ThemeManagerProtocol.swift in Sources */,
				EA2D650E204050A500C02F8A /* ItemTableVIewData.swift in Sources */,
				EA050A2C2047F28200AC848B /* SuperViewController.swift in Sources */,
				EAF096332047AD13002DF003 /* DefaultTheme.swift in Sources */,
				EAEEB079202C8AAB00F28C99 /* SettingBundleHelper.swift in Sources */,
				EA2D650C2040502E00C02F8A /* ItemTableViewController.swift in Sources */,
				EA050A332047FC3E00AC848B /* DarkTheme.swift in Sources */,
				EA2D651B20412DC900C02F8A /* SettingTableViewController.swift in Sources */,
				EA7EFAC020221A50003ADDA5 /* AppDelegate.swift in Sources */,
				EA051A682031555F00439238 /* ProcessViewController.swift in Sources */,
				EA44AA4D2042FCFF00BCC7D6 /* ChartViewController.swift in Sources */,
			);
			runOnlyForDeploymentPostprocessing = 0;
		};
/* End PBXSourcesBuildPhase section */

/* Begin PBXTargetDependency section */
		EAFBE9DB2048424300E1E81C /* PBXTargetDependency */ = {
			isa = PBXTargetDependency;
			name = Charts;
			targetProxy = EAFBE9DA2048424300E1E81C /* PBXContainerItemProxy */;
		};
/* End PBXTargetDependency section */

/* Begin PBXVariantGroup section */
		EA7EFAC520221A50003ADDA5 /* Main.storyboard */ = {
			isa = PBXVariantGroup;
			children = (
				EA7EFAC620221A50003ADDA5 /* Base */,
				EA95CA112031879D001BAE6A /* zh-Hans */,
				EA95CA2020318FFE001BAE6A /* en */,
			);
			name = Main.storyboard;
			sourceTree = "<group>";
		};
/* End PBXVariantGroup section */

/* Begin XCBuildConfiguration section */
		EA7EFACE20221A50003ADDA5 /* Debug */ = {
			isa = XCBuildConfiguration;
			buildSettings = {
				ALWAYS_SEARCH_USER_PATHS = NO;
				CLANG_ANALYZER_LOCALIZABILITY_NONLOCALIZED = YES;
				CLANG_ANALYZER_NONNULL = YES;
				CLANG_ANALYZER_NUMBER_OBJECT_CONVERSION = YES_AGGRESSIVE;
				CLANG_CXX_LANGUAGE_STANDARD = "gnu++14";
				CLANG_CXX_LIBRARY = "libc++";
				CLANG_ENABLE_MODULES = YES;
				CLANG_ENABLE_OBJC_ARC = YES;
				CLANG_WARN_BLOCK_CAPTURE_AUTORELEASING = YES;
				CLANG_WARN_BOOL_CONVERSION = YES;
				CLANG_WARN_COMMA = YES;
				CLANG_WARN_CONSTANT_CONVERSION = YES;
				CLANG_WARN_DEPRECATED_OBJC_IMPLEMENTATIONS = YES;
				CLANG_WARN_DIRECT_OBJC_ISA_USAGE = YES_ERROR;
				CLANG_WARN_DOCUMENTATION_COMMENTS = YES;
				CLANG_WARN_EMPTY_BODY = YES;
				CLANG_WARN_ENUM_CONVERSION = YES;
				CLANG_WARN_INFINITE_RECURSION = YES;
				CLANG_WARN_INT_CONVERSION = YES;
				CLANG_WARN_NON_LITERAL_NULL_CONVERSION = YES;
				CLANG_WARN_OBJC_IMPLICIT_RETAIN_SELF = YES;
				CLANG_WARN_OBJC_LITERAL_CONVERSION = YES;
				CLANG_WARN_OBJC_ROOT_CLASS = YES_ERROR;
				CLANG_WARN_RANGE_LOOP_ANALYSIS = YES;
				CLANG_WARN_STRICT_PROTOTYPES = YES;
				CLANG_WARN_SUSPICIOUS_MOVE = YES;
				CLANG_WARN_UNGUARDED_AVAILABILITY = YES_AGGRESSIVE;
				CLANG_WARN_UNREACHABLE_CODE = YES;
				CLANG_WARN__DUPLICATE_METHOD_MATCH = YES;
				CODE_SIGN_IDENTITY = "iPhone Developer";
				COPY_PHASE_STRIP = NO;
				DEBUG_INFORMATION_FORMAT = dwarf;
				ENABLE_STRICT_OBJC_MSGSEND = YES;
				ENABLE_TESTABILITY = YES;
				GCC_C_LANGUAGE_STANDARD = gnu11;
				GCC_DYNAMIC_NO_PIC = NO;
				GCC_NO_COMMON_BLOCKS = YES;
				GCC_OPTIMIZATION_LEVEL = 0;
				GCC_PREPROCESSOR_DEFINITIONS = (
					"DEBUG=1",
					"$(inherited)",
				);
				GCC_WARN_64_TO_32_BIT_CONVERSION = YES;
				GCC_WARN_ABOUT_RETURN_TYPE = YES_ERROR;
				GCC_WARN_UNDECLARED_SELECTOR = YES;
				GCC_WARN_UNINITIALIZED_AUTOS = YES_AGGRESSIVE;
				GCC_WARN_UNUSED_FUNCTION = YES;
				GCC_WARN_UNUSED_VARIABLE = YES;
				IPHONEOS_DEPLOYMENT_TARGET = 10.0;
				MTL_ENABLE_DEBUG_INFO = YES;
				ONLY_ACTIVE_ARCH = YES;
				SDKROOT = iphoneos;
				SWIFT_ACTIVE_COMPILATION_CONDITIONS = DEBUG;
				SWIFT_OPTIMIZATION_LEVEL = "-Onone";
			};
			name = Debug;
		};
		EA7EFACF20221A50003ADDA5 /* Release */ = {
			isa = XCBuildConfiguration;
			buildSettings = {
				ALWAYS_SEARCH_USER_PATHS = NO;
				CLANG_ANALYZER_LOCALIZABILITY_NONLOCALIZED = YES;
				CLANG_ANALYZER_NONNULL = YES;
				CLANG_ANALYZER_NUMBER_OBJECT_CONVERSION = YES_AGGRESSIVE;
				CLANG_CXX_LANGUAGE_STANDARD = "gnu++14";
				CLANG_CXX_LIBRARY = "libc++";
				CLANG_ENABLE_MODULES = YES;
				CLANG_ENABLE_OBJC_ARC = YES;
				CLANG_WARN_BLOCK_CAPTURE_AUTORELEASING = YES;
				CLANG_WARN_BOOL_CONVERSION = YES;
				CLANG_WARN_COMMA = YES;
				CLANG_WARN_CONSTANT_CONVERSION = YES;
				CLANG_WARN_DEPRECATED_OBJC_IMPLEMENTATIONS = YES;
				CLANG_WARN_DIRECT_OBJC_ISA_USAGE = YES_ERROR;
				CLANG_WARN_DOCUMENTATION_COMMENTS = YES;
				CLANG_WARN_EMPTY_BODY = YES;
				CLANG_WARN_ENUM_CONVERSION = YES;
				CLANG_WARN_INFINITE_RECURSION = YES;
				CLANG_WARN_INT_CONVERSION = YES;
				CLANG_WARN_NON_LITERAL_NULL_CONVERSION = YES;
				CLANG_WARN_OBJC_IMPLICIT_RETAIN_SELF = YES;
				CLANG_WARN_OBJC_LITERAL_CONVERSION = YES;
				CLANG_WARN_OBJC_ROOT_CLASS = YES_ERROR;
				CLANG_WARN_RANGE_LOOP_ANALYSIS = YES;
				CLANG_WARN_STRICT_PROTOTYPES = YES;
				CLANG_WARN_SUSPICIOUS_MOVE = YES;
				CLANG_WARN_UNGUARDED_AVAILABILITY = YES_AGGRESSIVE;
				CLANG_WARN_UNREACHABLE_CODE = YES;
				CLANG_WARN__DUPLICATE_METHOD_MATCH = YES;
				CODE_SIGN_IDENTITY = "iPhone Developer";
				COPY_PHASE_STRIP = NO;
				DEBUG_INFORMATION_FORMAT = "dwarf-with-dsym";
				ENABLE_NS_ASSERTIONS = NO;
				ENABLE_STRICT_OBJC_MSGSEND = YES;
				GCC_C_LANGUAGE_STANDARD = gnu11;
				GCC_NO_COMMON_BLOCKS = YES;
				GCC_WARN_64_TO_32_BIT_CONVERSION = YES;
				GCC_WARN_ABOUT_RETURN_TYPE = YES_ERROR;
				GCC_WARN_UNDECLARED_SELECTOR = YES;
				GCC_WARN_UNINITIALIZED_AUTOS = YES_AGGRESSIVE;
				GCC_WARN_UNUSED_FUNCTION = YES;
				GCC_WARN_UNUSED_VARIABLE = YES;
				IPHONEOS_DEPLOYMENT_TARGET = 10.0;
				MTL_ENABLE_DEBUG_INFO = NO;
				SDKROOT = iphoneos;
				SWIFT_OPTIMIZATION_LEVEL = "-Owholemodule";
				VALIDATE_PRODUCT = YES;
			};
			name = Release;
		};
		EA7EFAD120221A50003ADDA5 /* Debug */ = {
			isa = XCBuildConfiguration;
			buildSettings = {
				ALWAYS_EMBED_SWIFT_STANDARD_LIBRARIES = YES;
				ASSETCATALOG_COMPILER_APPICON_NAME = AppIcon;
				CODE_SIGN_ENTITLEMENTS = "Go Study/Go Study.entitlements";
				CODE_SIGN_STYLE = Automatic;
				DEVELOPMENT_TEAM = N9CDJBSN2N;
				FRAMEWORK_SEARCH_PATHS = (
					"$(inherited)",
					"$(PROJECT_DIR)",
				);
				INFOPLIST_FILE = "Go Study/Info.plist";
				LD_RUNPATH_SEARCH_PATHS = "$(inherited) @executable_path/Frameworks";
				PRODUCT_BUNDLE_IDENTIFIER = "Aimona.Go-Study";
				PRODUCT_NAME = "$(TARGET_NAME)";
				SWIFT_VERSION = 4.0;
				TARGETED_DEVICE_FAMILY = 1;
			};
			name = Debug;
		};
		EA7EFAD220221A50003ADDA5 /* Release */ = {
			isa = XCBuildConfiguration;
			buildSettings = {
				ALWAYS_EMBED_SWIFT_STANDARD_LIBRARIES = YES;
				ASSETCATALOG_COMPILER_APPICON_NAME = AppIcon;
				CODE_SIGN_ENTITLEMENTS = "Go Study/Go Study.entitlements";
				CODE_SIGN_STYLE = Automatic;
				DEVELOPMENT_TEAM = N9CDJBSN2N;
				FRAMEWORK_SEARCH_PATHS = (
					"$(inherited)",
					"$(PROJECT_DIR)",
				);
				INFOPLIST_FILE = "Go Study/Info.plist";
				LD_RUNPATH_SEARCH_PATHS = "$(inherited) @executable_path/Frameworks";
				PRODUCT_BUNDLE_IDENTIFIER = "Aimona.Go-Study";
				PRODUCT_NAME = "$(TARGET_NAME)";
				SWIFT_VERSION = 4.0;
				TARGETED_DEVICE_FAMILY = 1;
			};
			name = Release;
		};
/* End XCBuildConfiguration section */

/* Begin XCConfigurationList section */
		EA7EFAB720221A50003ADDA5 /* Build configuration list for PBXProject "Go Study" */ = {
			isa = XCConfigurationList;
			buildConfigurations = (
				EA7EFACE20221A50003ADDA5 /* Debug */,
				EA7EFACF20221A50003ADDA5 /* Release */,
			);
			defaultConfigurationIsVisible = 0;
			defaultConfigurationName = Release;
		};
		EA7EFAD020221A50003ADDA5 /* Build configuration list for PBXNativeTarget "Go Study" */ = {
			isa = XCConfigurationList;
			buildConfigurations = (
				EA7EFAD120221A50003ADDA5 /* Debug */,
				EA7EFAD220221A50003ADDA5 /* Release */,
			);
			defaultConfigurationIsVisible = 0;
			defaultConfigurationName = Release;
		};
/* End XCConfigurationList section */

/* Begin XCVersionGroup section */
		EAEEB04F202C595100F28C99 /* Go_Study.xcdatamodeld */ = {
			isa = XCVersionGroup;
			children = (
				EAEEB050202C595100F28C99 /* StydyData.xcdatamodel */,
			);
			currentVersion = EAEEB050202C595100F28C99 /* StydyData.xcdatamodel */;
			path = Go_Study.xcdatamodeld;
			sourceTree = "<group>";
			versionGroupType = wrapper.xcdatamodel;
		};
/* End XCVersionGroup section */
	};
	rootObject = EA7EFAB420221A50003ADDA5 /* Project object */;
}
